{
    "_readme": [
        "This file locks the dependencies of your project to a known state",
        "Read more about it at https://getcomposer.org/doc/01-basic-usage.md#installing-dependencies",
        "This file is @generated automatically"
    ],
    "content-hash": "5bda32737e1cc0b19101496de80c48d6",
    "packages": [
        {
            "name": "npm-asset/bootstrap",
            "version": "5.3.8",
            "dist": {
                "type": "tar",
                "url": "https://registry.npmjs.org/bootstrap/-/bootstrap-5.3.8.tgz"
            },
            "type": "npm-asset",
            "license": [
                "MIT"
            ]
        },
        {
            "name": "npm-asset/bootstrap-icons",
            "version": "1.13.1",
            "dist": {
                "type": "tar",
                "url": "https://registry.npmjs.org/bootstrap-icons/-/bootstrap-icons-1.13.1.tgz"
            },
            "type": "npm-asset",
            "license": [
                "MIT"
            ]
        }
    ],
    "packages-dev": [],
    "aliases": [],
    "minimum-stability": "stable",
    "stability-flags": {},
    "prefer-stable": false,
    "prefer-lowest": false,
    "platform": {},
    "platform-dev": {},
    "plugin-api-version": "2.6.0"
}
